
Microsoft Visual Studio Solution File, Format Version 12.00
# Visual Studio Version 17
VisualStudioVersion = 17.7.34018.315
MinimumVisualStudioVersion = 10.0.40219.1
Project("{FAE04EC0-301F-11D3-BF4B-00C04F79EFBC}") = "SecOPs Shield", "SecOPs Shield.csproj", "{47458A12-CE32-4619-BB30-37562B526C6D}"
EndProject
Global
	GlobalSection(SolutionConfigurationPlatforms) = preSolution
		Debug|Any CPU = Debug|Any CPU
		Release|Any CPU = Release|Any CPU
	EndGlobalSection
	GlobalSection(ProjectConfigurationPlatforms) = postSolution
		{47458A12-CE32-4619-BB30-37562B526C6D}.Debug|Any CPU.ActiveCfg = Debug|Any CPU
		{47458A12-CE32-4619-BB30-37562B526C6D}.Debug|Any CPU.Build.0 = Debug|Any CPU
		{47458A12-CE32-4619-BB30-37562B526C6D}.Release|Any CPU.ActiveCfg = Release|Any CPU
		{47458A12-CE32-4619-BB30-37562B526C6D}.Release|Any CPU.Build.0 = Release|Any CPU
	EndGlobalSection
	GlobalSection(SolutionProperties) = preSolution
		HideSolutionNode = FALSE
	EndGlobalSection
	GlobalSection(ExtensibilityGlobals) = postSolution
		SolutionGuid = {B42FF36E-14BC-4328-B32F-E4624019434F}
	EndGlobalSection
EndGlobal
